
Microsoft Visual Studio Solution File, Format Version 12.00
# Visual Studio Version 17
VisualStudioVersion = 17.8.34408.163
MinimumVisualStudioVersion = 10.0.40219.1
Project("{FAE04EC0-301F-11D3-BF4B-00C04F79EFBC}") = "PeopleApp", "PeopleApp.csproj", "{CFF544AA-3F46-41C1-8C8D-A95898D5ED60}"
EndProject
Global
	GlobalSection(SolutionConfigurationPlatforms) = preSolution
		Debug|Any CPU = Debug|Any CPU
		Release|Any CPU = Release|Any CPU
	EndGlobalSection
	GlobalSection(ProjectConfigurationPlatforms) = postSolution
		{CFF544AA-3F46-41C1-8C8D-A95898D5ED60}.Debug|Any CPU.ActiveCfg = Debug|Any CPU
		{CFF544AA-3F46-41C1-8C8D-A95898D5ED60}.Debug|Any CPU.Build.0 = Debug|Any CPU
		{CFF544AA-3F46-41C1-8C8D-A95898D5ED60}.Release|Any CPU.ActiveCfg = Release|Any CPU
		{CFF544AA-3F46-41C1-8C8D-A95898D5ED60}.Release|Any CPU.Build.0 = Release|Any CPU
	EndGlobalSection
	GlobalSection(SolutionProperties) = preSolution
		HideSolutionNode = FALSE
	EndGlobalSection
	GlobalSection(ExtensibilityGlobals) = postSolution
		SolutionGuid = {22B63E06-6E93-479F-8829-D8CC155203FA}
	EndGlobalSection
EndGlobal
